// !$*UTF8*$!
{
	archiveVersion = 1;
	classes = {
	};
	objectVersion = 50;
	objects = {

/* Begin PBXBuildFile section */
		3FB1821122584CB60087088D /* StudentsViewController.swift in Sources */ = {isa = PBXBuildFile; fileRef = 3FB1820B22584CB50087088D /* StudentsViewController.swift */; };
		3FB1821222584CB60087088D /* TeamsTableViewController.swift in Sources */ = {isa = PBXBuildFile; fileRef = 3FB1820C22584CB50087088D /* TeamsTableViewController.swift */; };
		3FB1821322584CB60087088D /* Schools.swift in Sources */ = {isa = PBXBuildFile; fileRef = 3FB1820D22584CB50087088D /* Schools.swift */; };
		3FB1821422584CB60087088D /* NewSchoolViewController.swift in Sources */ = {isa = PBXBuildFile; fileRef = 3FB1820E22584CB60087088D /* NewSchoolViewController.swift */; };
		3FB1821522584CB60087088D /* NewTeamViewController.swift in Sources */ = {isa = PBXBuildFile; fileRef = 3FB1820F22584CB60087088D /* NewTeamViewController.swift */; };
		3FB1821622584CB60087088D /* SchoolsTableViewController.swift in Sources */ = {isa = PBXBuildFile; fileRef = 3FB1821022584CB60087088D /* SchoolsTableViewController.swift */; };
		3FDCB84422584A4300A70670 /* AppDelegate.swift in Sources */ = {isa = PBXBuildFile; fileRef = 3FDCB84322584A4300A70670 /* AppDelegate.swift */; };
		3FDCB84622584A4300A70670 /* ViewController.swift in Sources */ = {isa = PBXBuildFile; fileRef = 3FDCB84522584A4300A70670 /* ViewController.swift */; };
		3FDCB84922584A4300A70670 /* Main.storyboard in Resources */ = {isa = PBXBuildFile; fileRef = 3FDCB84722584A4300A70670 /* Main.storyboard */; };
		3FDCB84B22584A4500A70670 /* Assets.xcassets in Resources */ = {isa = PBXBuildFile; fileRef = 3FDCB84A22584A4500A70670 /* Assets.xcassets */; };
		3FDCB84E22584A4500A70670 /* LaunchScreen.storyboard in Resources */ = {isa = PBXBuildFile; fileRef = 3FDCB84C22584A4500A70670 /* LaunchScreen.storyboard */; };
		CB3808413E639F4F2C2D149E /* Pods_Northwest_KC_Contest_BAckendlessApp.framework in Frameworks */ = {isa = PBXBuildFile; fileRef = D8F43888220A5020C043F8FC /* Pods_Northwest_KC_Contest_BAckendlessApp.framework */; };
/* End PBXBuildFile section */

/* Begin PBXFileReference section */
		30A3C899BBED531540290C68 /* Pods-Northwest_KC_Contest_BAckendlessApp.debug.xcconfig */ = {isa = PBXFileReference; includeInIndex = 1; lastKnownFileType = text.xcconfig; name = "Pods-Northwest_KC_Contest_BAckendlessApp.debug.xcconfig"; path = "Target Support Files/Pods-Northwest_KC_Contest_BAckendlessApp/Pods-Northwest_KC_Contest_BAckendlessApp.debug.xcconfig"; sourceTree = "<group>"; };
		3FB1820B22584CB50087088D /* StudentsViewController.swift */ = {isa = PBXFileReference; fileEncoding = 4; lastKnownFileType = sourcecode.swift; path = StudentsViewController.swift; sourceTree = "<group>"; };
		3FB1820C22584CB50087088D /* TeamsTableViewController.swift */ = {isa = PBXFileReference; fileEncoding = 4; lastKnownFileType = sourcecode.swift; path = TeamsTableViewController.swift; sourceTree = "<group>"; };
		3FB1820D22584CB50087088D /* Schools.swift */ = {isa = PBXFileReference; fileEncoding = 4; lastKnownFileType = sourcecode.swift; path = Schools.swift; sourceTree = "<group>"; };
		3FB1820E22584CB60087088D /* NewSchoolViewController.swift */ = {isa = PBXFileReference; fileEncoding = 4; lastKnownFileType = sourcecode.swift; path = NewSchoolViewController.swift; sourceTree = "<group>"; };
		3FB1820F22584CB60087088D /* NewTeamViewController.swift */ = {isa = PBXFileReference; fileEncoding = 4; lastKnownFileType = sourcecode.swift; path = NewTeamViewController.swift; sourceTree = "<group>"; };
		3FB1821022584CB60087088D /* SchoolsTableViewController.swift */ = {isa = PBXFileReference; fileEncoding = 4; lastKnownFileType = sourcecode.swift; path = SchoolsTableViewController.swift; sourceTree = "<group>"; };
		3FDCB84022584A4300A70670 /* Northwest_KC_Contest_BAckendlessApp.app */ = {isa = PBXFileReference; explicitFileType = wrapper.application; includeInIndex = 0; path = Northwest_KC_Contest_BAckendlessApp.app; sourceTree = BUILT_PRODUCTS_DIR; };
		3FDCB84322584A4300A70670 /* AppDelegate.swift */ = {isa = PBXFileReference; lastKnownFileType = sourcecode.swift; path = AppDelegate.swift; sourceTree = "<group>"; };
		3FDCB84522584A4300A70670 /* ViewController.swift */ = {isa = PBXFileReference; lastKnownFileType = sourcecode.swift; path = ViewController.swift; sourceTree = "<group>"; };
		3FDCB84822584A4300A70670 /* Base */ = {isa = PBXFileReference; lastKnownFileType = file.storyboard; name = Base; path = Base.lproj/Main.storyboard; sourceTree = "<group>"; };
		3FDCB84A22584A4500A70670 /* Assets.xcassets */ = {isa = PBXFileReference; lastKnownFileType = folder.assetcatalog; path = Assets.xcassets; sourceTree = "<group>"; };
		3FDCB84D22584A4500A70670 /* Base */ = {isa = PBXFileReference; lastKnownFileType = file.storyboard; name = Base; path = Base.lproj/LaunchScreen.storyboard; sourceTree = "<group>"; };
		3FDCB84F22584A4500A70670 /* Info.plist */ = {isa = PBXFileReference; lastKnownFileType = text.plist.xml; path = Info.plist; sourceTree = "<group>"; };
		825CD7172B0DE43CC256DBFC /* Pods-Northwest_KC_Contest_BAckendlessApp.release.xcconfig */ = {isa = PBXFileReference; includeInIndex = 1; lastKnownFileType = text.xcconfig; name = "Pods-Northwest_KC_Contest_BAckendlessApp.release.xcconfig"; path = "Target Support Files/Pods-Northwest_KC_Contest_BAckendlessApp/Pods-Northwest_KC_Contest_BAckendlessApp.release.xcconfig"; sourceTree = "<group>"; };
		D8F43888220A5020C043F8FC /* Pods_Northwest_KC_Contest_BAckendlessApp.framework */ = {isa = PBXFileReference; explicitFileType = wrapper.framework; includeInIndex = 0; path = Pods_Northwest_KC_Contest_BAckendlessApp.framework; sourceTree = BUILT_PRODUCTS_DIR; };
/* End PBXFileReference section */

/* Begin PBXFrameworksBuildPhase section */
		3FDCB83D22584A4300A70670 /* Frameworks */ = {
			isa = PBXFrameworksBuildPhase;
			buildActionMask = 2147483647;
			files = (
				CB3808413E639F4F2C2D149E /* Pods_Northwest_KC_Contest_BAckendlessApp.framework in Frameworks */,
			);
			runOnlyForDeploymentPostprocessing = 0;
		};
/* End PBXFrameworksBuildPhase section */

/* Begin PBXGroup section */
		12929883DF60F0AF2A53789F /* Frameworks */ = {
			isa = PBXGroup;
			children = (
				D8F43888220A5020C043F8FC /* Pods_Northwest_KC_Contest_BAckendlessApp.framework */,
			);
			name = Frameworks;
			sourceTree = "<group>";
		};
		3FDCB83722584A4300A70670 = {
			isa = PBXGroup;
			children = (
				3FDCB84222584A4300A70670 /* Northwest_KC_Contest_BAckendlessApp */,
				3FDCB84122584A4300A70670 /* Products */,
				C740D3A5A91FC1A12AD5E954 /* Pods */,
				12929883DF60F0AF2A53789F /* Frameworks */,
			);
			sourceTree = "<group>";
		};
		3FDCB84122584A4300A70670 /* Products */ = {
			isa = PBXGroup;
			children = (
				3FDCB84022584A4300A70670 /* Northwest_KC_Contest_BAckendlessApp.app */,
			);
			name = Products;
			sourceTree = "<group>";
		};
		3FDCB84222584A4300A70670 /* Northwest_KC_Contest_BAckendlessApp */ = {
			isa = PBXGroup;
			children = (
				3FB1820E22584CB60087088D /* NewSchoolViewController.swift */,
				3FB1820F22584CB60087088D /* NewTeamViewController.swift */,
				3FB1820D22584CB50087088D /* Schools.swift */,
				3FB1821022584CB60087088D /* SchoolsTableViewController.swift */,
				3FB1820B22584CB50087088D /* StudentsViewController.swift */,
				3FB1820C22584CB50087088D /* TeamsTableViewController.swift */,
				3FDCB84322584A4300A70670 /* AppDelegate.swift */,
				3FDCB84522584A4300A70670 /* ViewController.swift */,
				3FDCB84722584A4300A70670 /* Main.storyboard */,
				3FDCB84A22584A4500A70670 /* Assets.xcassets */,
				3FDCB84C22584A4500A70670 /* LaunchScreen.storyboard */,
				3FDCB84F22584A4500A70670 /* Info.plist */,
			);
			path = Northwest_KC_Contest_BAckendlessApp;
			sourceTree = "<group>";
		};
		C740D3A5A91FC1A12AD5E954 /* Pods */ = {
			isa = PBXGroup;
			children = (
				30A3C899BBED531540290C68 /* Pods-Northwest_KC_Contest_BAckendlessApp.debug.xcconfig */,
				825CD7172B0DE43CC256DBFC /* Pods-Northwest_KC_Contest_BAckendlessApp.release.xcconfig */,
			);
			path = Pods;
			sourceTree = "<group>";
		};
/* End PBXGroup section */

/* Begin PBXNativeTarget section */
		3FDCB83F22584A4300A70670 /* Northwest_KC_Contest_BAckendlessApp */ = {
			isa = PBXNativeTarget;
			buildConfigurationList = 3FDCB85222584A4500A70670 /* Build configuration list for PBXNativeTarget "Northwest_KC_Contest_BAckendlessApp" */;
			buildPhases = (
				46B67E7EA14A2DD5AEF0DEE6 /* [CP] Check Pods Manifest.lock */,
				3FDCB83C22584A4300A70670 /* Sources */,
				3FDCB83D22584A4300A70670 /* Frameworks */,
				3FDCB83E22584A4300A70670 /* Resources */,
				B5F19FC7B15795869565697E /* [CP] Embed Pods Frameworks */,
			);
			buildRules = (
			);
			dependencies = (
			);
			name = Northwest_KC_Contest_BAckendlessApp;
			productName = Northwest_KC_Contest_BAckendlessApp;
			productReference = 3FDCB84022584A4300A70670 /* Northwest_KC_Contest_BAckendlessApp.app */;
			productType = "com.apple.product-type.application";
		};
/* End PBXNativeTarget section */

/* Begin PBXProject section */
		3FDCB83822584A4300A70670 /* Project object */ = {
			isa = PBXProject;
			attributes = {
				LastSwiftUpdateCheck = 1000;
				LastUpgradeCheck = 1000;
				ORGANIZATIONNAME = student;
				TargetAttributes = {
					3FDCB83F22584A4300A70670 = {
						CreatedOnToolsVersion = 10.0;
					};
				};
			};
			buildConfigurationList = 3FDCB83B22584A4300A70670 /* Build configuration list for PBXProject "Northwest_KC_Contest_BAckendlessApp" */;
			compatibilityVersion = "Xcode 9.3";
			developmentRegion = en;
			hasScannedForEncodings = 0;
			knownRegions = (
				en,
				Base,
			);
			mainGroup = 3FDCB83722584A4300A70670;
			productRefGroup = 3FDCB84122584A4300A70670 /* Products */;
			projectDirPath = "";
			projectRoot = "";
			targets = (
				3FDCB83F22584A4300A70670 /* Northwest_KC_Contest_BAckendlessApp */,
			);
		};
/* End PBXProject section */

/* Begin PBXResourcesBuildPhase section */
		3FDCB83E22584A4300A70670 /* Resources */ = {
			isa = PBXResourcesBuildPhase;
			buildActionMask = 2147483647;
			files = (
				3FDCB84E22584A4500A70670 /* LaunchScreen.storyboard in Resources */,
				3FDCB84B22584A4500A70670 /* Assets.xcassets in Resources */,
				3FDCB84922584A4300A70670 /* Main.storyboard in Resources */,
			);
			runOnlyForDeploymentPostprocessing = 0;
		};
/* End PBXResourcesBuildPhase section */

/* Begin PBXShellScriptBuildPhase section */
		46B67E7EA14A2DD5AEF0DEE6 /* [CP] Check Pods Manifest.lock */ = {
			isa = PBXShellScriptBuildPhase;
			buildActionMask = 2147483647;
			files = (
			);
			inputFileListPaths = (
			);
			inputPaths = (
				"${PODS_PODFILE_DIR_PATH}/Podfile.lock",
				"${PODS_ROOT}/Manifest.lock",
			);
			name = "[CP] Check Pods Manifest.lock";
			outputFileListPaths = (
			);
			outputPaths = (
				"$(DERIVED_FILE_DIR)/Pods-Northwest_KC_Contest_BAckendlessApp-checkManifestLockResult.txt",
			);
			runOnlyForDeploymentPostprocessing = 0;
			shellPath = /bin/sh;
			shellScript = "diff \"${PODS_PODFILE_DIR_PATH}/Podfile.lock\" \"${PODS_ROOT}/Manifest.lock\" > /dev/null\nif [ $? != 0 ] ; then\n    # print error to STDERR\n    echo \"error: The sandbox is not in sync with the Podfile.lock. Run 'pod install' or update your CocoaPods installation.\" >&2\n    exit 1\nfi\n# This output is used by Xcode 'outputs' to avoid re-running this script phase.\necho \"SUCCESS\" > \"${SCRIPT_OUTPUT_FILE_0}\"\n";
			showEnvVarsInLog = 0;
		};
		B5F19FC7B15795869565697E /* [CP] Embed Pods Frameworks */ = {
			isa = PBXShellScriptBuildPhase;
			buildActionMask = 2147483647;
			files = (
			);
			inputFileListPaths = (
			);
			inputPaths = (
				"${PODS_ROOT}/Target Support Files/Pods-Northwest_KC_Contest_BAckendlessApp/Pods-Northwest_KC_Contest_BAckendlessApp-frameworks.sh",
				"${BUILT_PRODUCTS_DIR}/Socket.IO-Client-Swift/SocketIO.framework",
				"${BUILT_PRODUCTS_DIR}/Starscream/Starscream.framework",
			);
			name = "[CP] Embed Pods Frameworks";
			outputFileListPaths = (
			);
			outputPaths = (
				"${TARGET_BUILD_DIR}/${FRAMEWORKS_FOLDER_PATH}/SocketIO.framework",
				"${TARGET_BUILD_DIR}/${FRAMEWORKS_FOLDER_PATH}/Starscream.framework",
			);
			runOnlyForDeploymentPostprocessing = 0;
			shellPath = /bin/sh;
			shellScript = "\"${PODS_ROOT}/Target Support Files/Pods-Northwest_KC_Contest_BAckendlessApp/Pods-Northwest_KC_Contest_BAckendlessApp-frameworks.sh\"\n";
			showEnvVarsInLog = 0;
		};
/* End PBXShellScriptBuildPhase section */

/* Begin PBXSourcesBuildPhase section */
		3FDCB83C22584A4300A70670 /* Sources */ = {
			isa = PBXSourcesBuildPhase;
			buildActionMask = 2147483647;
			files = (
				3FDCB84622584A4300A70670 /* ViewController.swift in Sources */,
				3FDCB84422584A4300A70670 /* AppDelegate.swift in Sources */,
				3FB1821622584CB60087088D /* SchoolsTableViewController.swift in Sources */,
				3FB1821322584CB60087088D /* Schools.swift in Sources */,
				3FB1821422584CB60087088D /* NewSchoolViewController.swift in Sources */,
				3FB1821522584CB60087088D /* NewTeamViewController.swift in Sources */,
				3FB1821222584CB60087088D /* TeamsTableViewController.swift in Sources */,
				3FB1821122584CB60087088D /* StudentsViewController.swift in Sources */,
			);
			runOnlyForDeploymentPostprocessing = 0;
		};
/* End PBXSourcesBuildPhase section */

/* Begin PBXVariantGroup section */
		3FDCB84722584A4300A70670 /* Main.storyboard */ = {
			isa = PBXVariantGroup;
			children = (
				3FDCB84822584A4300A70670 /* Base */,
			);
			name = Main.storyboard;
			sourceTree = "<group>";
		};
		3FDCB84C22584A4500A70670 /* LaunchScreen.storyboard */ = {
			isa = PBXVariantGroup;
			children = (
				3FDCB84D22584A4500A70670 /* Base */,
			);
			name = LaunchScreen.storyboard;
			sourceTree = "<group>";
		};
/* End PBXVariantGroup section */

/* Begin XCBuildConfiguration section */
		3FDCB85022584A4500A70670 /* Debug */ = {
			isa = XCBuildConfiguration;
			buildSettings = {
				ALWAYS_SEARCH_USER_PATHS = NO;
				CLANG_ANALYZER_NONNULL = YES;
				CLANG_ANALYZER_NUMBER_OBJECT_CONVERSION = YES_AGGRESSIVE;
				CLANG_CXX_LANGUAGE_STANDARD = "gnu++14";
				CLANG_CXX_LIBRARY = "libc++";
				CLANG_ENABLE_MODULES = YES;
				CLANG_ENABLE_OBJC_ARC = YES;
				CLANG_ENABLE_OBJC_WEAK = YES;
				CLANG_WARN_BLOCK_CAPTURE_AUTORELEASING = YES;
				CLANG_WARN_BOOL_CONVERSION = YES;
				CLANG_WARN_COMMA = YES;
				CLANG_WARN_CONSTANT_CONVERSION = YES;
				CLANG_WARN_DEPRECATED_OBJC_IMPLEMENTATIONS = YES;
				CLANG_WARN_DIRECT_OBJC_ISA_USAGE = YES_ERROR;
				CLANG_WARN_DOCUMENTATION_COMMENTS = YES;
				CLANG_WARN_EMPTY_BODY = YES;
				CLANG_WARN_ENUM_CONVERSION = YES;
				CLANG_WARN_INFINITE_RECURSION = YES;
				CLANG_WARN_INT_CONVERSION = YES;
				CLANG_WARN_NON_LITERAL_NULL_CONVERSION = YES;
				CLANG_WARN_OBJC_IMPLICIT_RETAIN_SELF = YES;
				CLANG_WARN_OBJC_LITERAL_CONVERSION = YES;
				CLANG_WARN_OBJC_ROOT_CLASS = YES_ERROR;
				CLANG_WARN_RANGE_LOOP_ANALYSIS = YES;
				CLANG_WARN_STRICT_PROTOTYPES = YES;
				CLANG_WARN_SUSPICIOUS_MOVE = YES;
				CLANG_WARN_UNGUARDED_AVAILABILITY = YES_AGGRESSIVE;
				CLANG_WARN_UNREACHABLE_CODE = YES;
				CLANG_WARN__DUPLICATE_METHOD_MATCH = YES;
				CODE_SIGN_IDENTITY = "iPhone Developer";
				COPY_PHASE_STRIP = NO;
				DEBUG_INFORMATION_FORMAT = dwarf;
				ENABLE_STRICT_OBJC_MSGSEND = YES;
				ENABLE_TESTABILITY = YES;
				GCC_C_LANGUAGE_STANDARD = gnu11;
				GCC_DYNAMIC_NO_PIC = NO;
				GCC_NO_COMMON_BLOCKS = YES;
				GCC_OPTIMIZATION_LEVEL = 0;
				GCC_PREPROCESSOR_DEFINITIONS = (
					"DEBUG=1",
					"$(inherited)",
				);
				GCC_WARN_64_TO_32_BIT_CONVERSION = YES;
				GCC_WARN_ABOUT_RETURN_TYPE = YES_ERROR;
				GCC_WARN_UNDECLARED_SELECTOR = YES;
				GCC_WARN_UNINITIALIZED_AUTOS = YES_AGGRESSIVE;
				GCC_WARN_UNUSED_FUNCTION = YES;
				GCC_WARN_UNUSED_VARIABLE = YES;
				IPHONEOS_DEPLOYMENT_TARGET = 12.0;
				MTL_ENABLE_DEBUG_INFO = INCLUDE_SOURCE;
				MTL_FAST_MATH = YES;
				ONLY_ACTIVE_ARCH = YES;
				SDKROOT = iphoneos;
				SWIFT_ACTIVE_COMPILATION_CONDITIONS = DEBUG;
				SWIFT_OPTIMIZATION_LEVEL = "-Onone";
			};
			name = Debug;
		};
		3FDCB85122584A4500A70670 /* Release */ = {
			isa = XCBuildConfiguration;
			buildSettings = {
				ALWAYS_SEARCH_USER_PATHS = NO;
				CLANG_ANALYZER_NONNULL = YES;
				CLANG_ANALYZER_NUMBER_OBJECT_CONVERSION = YES_AGGRESSIVE;
				CLANG_CXX_LANGUAGE_STANDARD = "gnu++14";
				CLANG_CXX_LIBRARY = "libc++";
				CLANG_ENABLE_MODULES = YES;
				CLANG_ENABLE_OBJC_ARC = YES;
				CLANG_ENABLE_OBJC_WEAK = YES;
				CLANG_WARN_BLOCK_CAPTURE_AUTORELEASING = YES;
				CLANG_WARN_BOOL_CONVERSION = YES;
				CLANG_WARN_COMMA = YES;
				CLANG_WARN_CONSTANT_CONVERSION = YES;
				CLANG_WARN_DEPRECATED_OBJC_IMPLEMENTATIONS = YES;
				CLANG_WARN_DIRECT_OBJC_ISA_USAGE = YES_ERROR;
				CLANG_WARN_DOCUMENTATION_COMMENTS = YES;
				CLANG_WARN_EMPTY_BODY = YES;
				CLANG_WARN_ENUM_CONVERSION = YES;
				CLANG_WARN_INFINITE_RECURSION = YES;
				CLANG_WARN_INT_CONVERSION = YES;
				CLANG_WARN_NON_LITERAL_NULL_CONVERSION = YES;
				CLANG_WARN_OBJC_IMPLICIT_RETAIN_SELF = YES;
				CLANG_WARN_OBJC_LITERAL_CONVERSION = YES;
				CLANG_WARN_OBJC_ROOT_CLASS = YES_ERROR;
				CLANG_WARN_RANGE_LOOP_ANALYSIS = YES;
				CLANG_WARN_STRICT_PROTOTYPES = YES;
				CLANG_WARN_SUSPICIOUS_MOVE = YES;
				CLANG_WARN_UNGUARDED_AVAILABILITY = YES_AGGRESSIVE;
				CLANG_WARN_UNREACHABLE_CODE = YES;
				CLANG_WARN__DUPLICATE_METHOD_MATCH = YES;
				CODE_SIGN_IDENTITY = "iPhone Developer";
				COPY_PHASE_STRIP = NO;
				DEBUG_INFORMATION_FORMAT = "dwarf-with-dsym";
				ENABLE_NS_ASSERTIONS = NO;
				ENABLE_STRICT_OBJC_MSGSEND = YES;
				GCC_C_LANGUAGE_STANDARD = gnu11;
				GCC_NO_COMMON_BLOCKS = YES;
				GCC_WARN_64_TO_32_BIT_CONVERSION = YES;
				GCC_WARN_ABOUT_RETURN_TYPE = YES_ERROR;
				GCC_WARN_UNDECLARED_SELECTOR = YES;
				GCC_WARN_UNINITIALIZED_AUTOS = YES_AGGRESSIVE;
				GCC_WARN_UNUSED_FUNCTION = YES;
				GCC_WARN_UNUSED_VARIABLE = YES;
				IPHONEOS_DEPLOYMENT_TARGET = 12.0;
				MTL_ENABLE_DEBUG_INFO = NO;
				MTL_FAST_MATH = YES;
				SDKROOT = iphoneos;
				SWIFT_COMPILATION_MODE = wholemodule;
				SWIFT_OPTIMIZATION_LEVEL = "-O";
				VALIDATE_PRODUCT = YES;
			};
			name = Release;
		};
		3FDCB85322584A4500A70670 /* Debug */ = {
			isa = XCBuildConfiguration;
			baseConfigurationReference = 30A3C899BBED531540290C68 /* Pods-Northwest_KC_Contest_BAckendlessApp.debug.xcconfig */;
			buildSettings = {
				ASSETCATALOG_COMPILER_APPICON_NAME = AppIcon;
				CODE_SIGN_STYLE = Automatic;
				INFOPLIST_FILE = Northwest_KC_Contest_BAckendlessApp/Info.plist;
				LD_RUNPATH_SEARCH_PATHS = (
					"$(inherited)",
					"@executable_path/Frameworks",
				);
				PRODUCT_BUNDLE_IDENTIFIER = "nwmissouri.edu.Northwest-KC-Contest-BAckendlessApp";
				PRODUCT_NAME = "$(TARGET_NAME)";
				SWIFT_OBJC_BRIDGING_HEADER = "Pods/Backendless/SDK/ios/backendless/include/Backendless-Bridging-Header.h";
				SWIFT_VERSION = 4.2;
				TARGETED_DEVICE_FAMILY = "1,2";
			};
			name = Debug;
		};
		3FDCB85422584A4500A70670 /* Release */ = {
			isa = XCBuildConfiguration;
			baseConfigurationReference = 825CD7172B0DE43CC256DBFC /* Pods-Northwest_KC_Contest_BAckendlessApp.release.xcconfig */;
			buildSettings = {
				ASSETCATALOG_COMPILER_APPICON_NAME = AppIcon;
				CODE_SIGN_STYLE = Automatic;
				INFOPLIST_FILE = Northwest_KC_Contest_BAckendlessApp/Info.plist;
				LD_RUNPATH_SEARCH_PATHS = (
					"$(inherited)",
					"@executable_path/Frameworks",
				);
				PRODUCT_BUNDLE_IDENTIFIER = "nwmissouri.edu.Northwest-KC-Contest-BAckendlessApp";
				PRODUCT_NAME = "$(TARGET_NAME)";
				SWIFT_OBJC_BRIDGING_HEADER = "Pods/Backendless/SDK/ios/backendless/include/Backendless-Bridging-Header.h";
				SWIFT_VERSION = 4.2;
				TARGETED_DEVICE_FAMILY = "1,2";
			};
			name = Release;
		};
/* End XCBuildConfiguration section */

/* Begin XCConfigurationList section */
		3FDCB83B22584A4300A70670 /* Build configuration list for PBXProject "Northwest_KC_Contest_BAckendlessApp" */ = {
			isa = XCConfigurationList;
			buildConfigurations = (
				3FDCB85022584A4500A70670 /* Debug */,
				3FDCB85122584A4500A70670 /* Release */,
			);
			defaultConfigurationIsVisible = 0;
			defaultConfigurationName = Release;
		};
		3FDCB85222584A4500A70670 /* Build configuration list for PBXNativeTarget "Northwest_KC_Contest_BAckendlessApp" */ = {
			isa = XCConfigurationList;
			buildConfigurations = (
				3FDCB85322584A4500A70670 /* Debug */,
				3FDCB85422584A4500A70670 /* Release */,
			);
			defaultConfigurationIsVisible = 0;
			defaultConfigurationName = Release;
		};
/* End XCConfigurationList section */
	};
	rootObject = 3FDCB83822584A4300A70670 /* Project object */;
}
